<?xml version="1.0" encoding="utf-8"?>
<Project ToolsVersion="4.0" xmlns="http://schemas.microsoft.com/developer/msbuild/2003">
  <ItemGroup>
    <Filter Include="Resource Files">
      <UniqueIdentifier>{67DA6AB6-F800-4c08-8B7A-83BB121AAD01}</UniqueIdentifier>
      <Extensions>rc;ico;cur;bmp;dlg;rc2;rct;bin;rgs;gif;jpg;jpeg;jpe;resx;tiff;tif;png;wav;mfcribbon-ms</Extensions>
    </Filter>
    <Filter Include="Engine">
      <UniqueIdentifier>{c0a1757c-ce0c-4912-9612-9023f0c03a7d}</UniqueIdentifier>
    </Filter>
    <Filter Include="Utilities">
      <UniqueIdentifier>{e6bdc47a-7dc3-4c05-9cc9-9273e724210b}</UniqueIdentifier>
    </Filter>
  </ItemGroup>
  <ItemGroup>
    <Text Include="ReadMe.txt" />
  </ItemGroup>
  <ItemGroup>
    <ClInclude Include="Colors.h">
      <Filter>Resource Files</Filter>
    </ClInclude>
    <ClInclude Include="defines.h">
      <Filter>Resource Files</Filter>
    </ClInclude>
    <ClInclude Include="FileManager.h">
      <Filter>Utilities</Filter>
    </ClInclude>
    <ClInclude Include="GLApp.h">
      <Filter>Engine</Filter>
    </ClInclude>
    <ClInclude Include="GLUtil.h">
      <Filter>Utilities</Filter>
    </ClInclude>
    <ClInclude Include="Guid.h">
      <Filter>Utilities</Filter>
    </ClInclude>
    <ClInclude Include="stdafx.h">
      <Filter>Resource Files</Filter>
    </ClInclude>
    <ClInclude Include="SystemLogger.h">
      <Filter>Utilities</Filter>
    </ClInclude>
    <ClInclude Include="targetver.h">
      <Filter>Resource Files</Filter>
    </ClInclude>
    <ClInclude Include="Transform.h">
      <Filter>Engine</Filter>
    </ClInclude>
    <ClInclude Include="XIndividual.h">
      <Filter>Engine</Filter>
    </ClInclude>
    <ClInclude Include="XThing.h">
      <Filter>Engine</Filter>
    </ClInclude>
    <ClInclude Include="XComponent.h">
      <Filter>Engine</Filter>
    </ClInclude>
    <ClInclude Include="XAllocator.h">
      <Filter>Engine</Filter>
    </ClInclude>
    <ClInclude Include="XMemory.h">
      <Filter>Engine</Filter>
    </ClInclude>
    <ClInclude Include="XMemoryManager.h">
      <Filter>Engine</Filter>
    </ClInclude>
    <ClInclude Include="MessageDispatcher.h">
      <Filter>Engine</Filter>
    </ClInclude>
  </ItemGroup>
  <ItemGroup>
    <ClCompile Include="dllmain.cpp">
      <Filter>Resource Files</Filter>
    </ClCompile>
    <ClCompile Include="FileManager.cpp">
      <Filter>Utilities</Filter>
    </ClCompile>
    <ClCompile Include="GLApp.cpp">
      <Filter>Engine</Filter>
    </ClCompile>
    <ClCompile Include="GLUtil.cpp">
      <Filter>Utilities</Filter>
    </ClCompile>
    <ClCompile Include="SystemLogger.cpp">
      <Filter>Utilities</Filter>
    </ClCompile>
    <ClCompile Include="Transform.cpp">
      <Filter>Engine</Filter>
    </ClCompile>
    <ClCompile Include="Xanadu.Engine.cpp">
      <Filter>Resource Files</Filter>
    </ClCompile>
    <ClCompile Include="XIndividual.cpp">
      <Filter>Engine</Filter>
    </ClCompile>
    <ClCompile Include="XComponent.cpp">
      <Filter>Engine</Filter>
    </ClCompile>
    <ClCompile Include="XAllocator.cpp">
      <Filter>Engine</Filter>
    </ClCompile>
    <ClCompile Include="XMemory.cpp">
      <Filter>Engine</Filter>
    </ClCompile>
    <ClCompile Include="MessageDispatcher.cpp">
      <Filter>Engine</Filter>
    </ClCompile>
    <ClCompile Include="XMemoryManager.cpp" />
  </ItemGroup>
</Project>